# This file is @generated by PDM.
# It is not intended for manual editing.

[metadata]
groups = ["default", "dev", "format"]
strategy = ["inherit_metadata"]
lock_version = "4.5.0"
content_hash = "sha256:48a9649d19395ae2e938000467854fa765187fe7f6ff62b91b539b6435780e51"

[[metadata.targets]]
requires_python = "==3.10.12"
platform = "manylinux_2_35_x86_64"
implementation = "cpython"
gil_disabled = false

[[package]]
name = "aenum"
version = "3.1.15"
summary = "Advanced Enumerations (compatible with Python's stdlib Enum), NamedTuples, and NamedConstants"
groups = ["default"]
marker = "python_full_version == \"3.10.12\""
files = [
    {file = "aenum-3.1.15-py3-none-any.whl", hash = "sha256:e0dfaeea4c2bd362144b87377e2c61d91958c5ed0b4daf89cb6f45ae23af6288"},
    {file = "aenum-3.1.15.tar.gz", hash = "sha256:8cbd76cd18c4f870ff39b24284d3ea028fbe8731a58df3aa581e434c575b9559"},
]

[[package]]
name = "annotated-types"
version = "0.7.0"
requires_python = ">=3.8"
summary = "Reusable constraint types to use with typing.Annotated"
groups = ["default"]
marker = "python_full_version == \"3.10.12\""
dependencies = [
    "typing-extensions>=4.0.0; python_version < \"3.9\"",
]
files = [
    {file = "annotated_types-0.7.0-py3-none-any.whl", hash = "sha256:1f02e8b43a8fbbc3f3e0d4f0f4bfc8131bcb4eebe8849b8e5c773f3a1c582a53"},
    {file = "annotated_types-0.7.0.tar.gz", hash = "sha256:aff07c09a53a08bc8cfccb9c85b05f1aa9a2a6f23728d790723543408344ce89"},
]

[[package]]
name = "asgiref"
version = "3.8.1"
requires_python = ">=3.8"
summary = "ASGI specs, helper code, and adapters"
groups = ["default"]
marker = "python_full_version == \"3.10.12\""
dependencies = [
    "typing-extensions>=4; python_version < \"3.11\"",
]
files = [
    {file = "asgiref-3.8.1-py3-none-any.whl", hash = "sha256:3e1e3ecc849832fe52ccf2cb6686b7a55f82bb1d6aee72a58826471390335e47"},
    {file = "asgiref-3.8.1.tar.gz", hash = "sha256:c343bd80a0bec947a9860adb4c432ffa7db769836c64238fc34bdc3fec84d590"},
]

[[package]]
name = "astroid"
version = "3.3.5"
requires_python = ">=3.9.0"
summary = "An abstract syntax tree for Python with inference support."
groups = ["dev"]
marker = "python_full_version == \"3.10.12\""
dependencies = [
    "typing-extensions>=4.0.0; python_version < \"3.11\"",
]
files = [
    {file = "astroid-3.3.5-py3-none-any.whl", hash = "sha256:a9d1c946ada25098d790e079ba2a1b112157278f3fb7e718ae6a9252f5835dc8"},
    {file = "astroid-3.3.5.tar.gz", hash = "sha256:5cfc40ae9f68311075d27ef68a4841bdc5cc7f6cf86671b49f00607d30188e2d"},
]

[[package]]
name = "attrs"
version = "24.2.0"
requires_python = ">=3.7"
summary = "Classes Without Boilerplate"
groups = ["default"]
marker = "python_full_version == \"3.10.12\""
dependencies = [
    "importlib-metadata; python_version < \"3.8\"",
]
files = [
    {file = "attrs-24.2.0-py3-none-any.whl", hash = "sha256:81921eb96de3191c8258c199618104dd27ac608d9366f5e35d011eae1867ede2"},
    {file = "attrs-24.2.0.tar.gz", hash = "sha256:5cfb1b9148b5b086569baec03f20d7b6bf3bcacc9a42bebf87ffaaca362f6346"},
]

[[package]]
name = "black"
version = "24.10.0"
requires_python = ">=3.9"
summary = "The uncompromising code formatter."
groups = ["dev", "format"]
marker = "python_full_version == \"3.10.12\""
dependencies = [
    "click>=8.0.0",
    "mypy-extensions>=0.4.3",
    "packaging>=22.0",
    "pathspec>=0.9.0",
    "platformdirs>=2",
    "tomli>=1.1.0; python_version < \"3.11\"",
    "typing-extensions>=4.0.1; python_version < \"3.11\"",
]
files = [
    {file = "black-24.10.0-cp310-cp310-manylinux_2_17_x86_64.manylinux2014_x86_64.manylinux_2_28_x86_64.whl", hash = "sha256:649fff99a20bd06c6f727d2a27f401331dc0cc861fb69cde910fe95b01b5928f"},
    {file = "black-24.10.0-py3-none-any.whl", hash = "sha256:3bb2b7a1f7b685f85b11fed1ef10f8a9148bceb49853e47a294a3dd963c1dd7d"},
    {file = "black-24.10.0.tar.gz", hash = "sha256:846ea64c97afe3bc677b761787993be4991810ecc7a4a937816dd6bddedc4875"},
]

[[package]]
name = "brotli"
version = "1.1.0"
summary = "Python bindings for the Brotli compression library"
groups = ["default"]
marker = "python_full_version == \"3.10.12\""
files = [
    {file = "Brotli-1.1.0-cp310-cp310-manylinux_2_5_x86_64.manylinux1_x86_64.manylinux_2_12_x86_64.manylinux2010_x86_64.whl", hash = "sha256:38025d9f30cf4634f8309c6874ef871b841eb3c347e90b0851f63d1ded5212da"},
    {file = "Brotli-1.1.0.tar.gz", hash = "sha256:81de08ac11bcb85841e440c13611c00b67d3bf82698314928d0b676362546724"},
]

[[package]]
name = "certifi"
version = "2024.8.30"
requires_python = ">=3.6"
summary = "Python package for providing Mozilla's CA Bundle."
groups = ["default"]
marker = "python_full_version == \"3.10.12\""
files = [
    {file = "certifi-2024.8.30-py3-none-any.whl", hash = "sha256:922820b53db7a7257ffbda3f597266d435245903d80737e34f8a45ff3e3230d8"},
    {file = "certifi-2024.8.30.tar.gz", hash = "sha256:bec941d2aa8195e248a60b31ff9f0558284cf01a52591ceda73ea9afffd69fd9"},
]

[[package]]
name = "cffi"
version = "1.17.1"
requires_python = ">=3.8"
summary = "Foreign Function Interface for Python calling C code."
groups = ["default"]
marker = "platform_python_implementation != \"PyPy\" and python_full_version == \"3.10.12\""
dependencies = [
    "pycparser",
]
files = [
    {file = "cffi-1.17.1-cp310-cp310-manylinux_2_17_x86_64.manylinux2014_x86_64.whl", hash = "sha256:2bb1a08b8008b281856e5971307cc386a8e9c5b625ac297e853d36da6efe9c17"},
    {file = "cffi-1.17.1.tar.gz", hash = "sha256:1c39c6016c32bc48dd54561950ebd6836e1670f2ae46128f67cf49e789c52824"},
]

[[package]]
name = "cfgv"
version = "3.4.0"
requires_python = ">=3.8"
summary = "Validate configuration and produce human readable error messages."
groups = ["default"]
marker = "python_full_version == \"3.10.12\""
files = [
    {file = "cfgv-3.4.0-py2.py3-none-any.whl", hash = "sha256:b7265b1f29fd3316bfcd2b330d63d024f2bfd8bcb8b0272f8e19a504856c48f9"},
    {file = "cfgv-3.4.0.tar.gz", hash = "sha256:e52591d4c5f5dead8e0f673fb16db7949d2cfb3f7da4582893288f0ded8fe560"},
]

[[package]]
name = "charset-normalizer"
version = "3.4.0"
requires_python = ">=3.7.0"
summary = "The Real First Universal Charset Detector. Open, modern and actively maintained alternative to Chardet."
groups = ["default"]
marker = "python_full_version == \"3.10.12\""
files = [
    {file = "charset_normalizer-3.4.0-cp310-cp310-manylinux_2_17_x86_64.manylinux2014_x86_64.whl", hash = "sha256:7f683ddc7eedd742e2889d2bfb96d69573fde1d92fcb811979cdb7165bb9c7d3"},
    {file = "charset_normalizer-3.4.0-py3-none-any.whl", hash = "sha256:fe9f97feb71aa9896b81973a7bbada8c49501dc73e58a10fcef6663af95e5079"},
    {file = "charset_normalizer-3.4.0.tar.gz", hash = "sha256:223217c3d4f82c3ac5e29032b3f1c2eb0fb591b72161f86d93f5719079dae93e"},
]

[[package]]
name = "click"
version = "8.1.7"
requires_python = ">=3.7"
summary = "Composable command line interface toolkit"
groups = ["default", "dev", "format"]
marker = "python_full_version == \"3.10.12\""
dependencies = [
    "colorama; platform_system == \"Windows\"",
    "importlib-metadata; python_version < \"3.8\"",
]
files = [
    {file = "click-8.1.7-py3-none-any.whl", hash = "sha256:ae74fb96c20a0277a1d615f1e4d73c8414f5a98db8b799a7931d1582f3390c28"},
    {file = "click-8.1.7.tar.gz", hash = "sha256:ca9853ad459e787e2192211578cc907e7594e294c7ccc834310722b41b9ca6de"},
]

[[package]]
name = "cloudinary"
version = "1.41.0"
summary = "Python and Django SDK for Cloudinary"
groups = ["default"]
marker = "python_full_version == \"3.10.12\""
dependencies = [
    "certifi",
    "six",
    "urllib3>=1.26.5",
]
files = [
    {file = "cloudinary-1.41.0.tar.gz", hash = "sha256:e189739a796a7d2ad15c19971741d33a9300816b16c0282b4b14ccf1dd2948c0"},
]

[[package]]
name = "cryptography"
version = "43.0.3"
requires_python = ">=3.7"
summary = "cryptography is a package which provides cryptographic recipes and primitives to Python developers."
groups = ["default"]
marker = "python_full_version == \"3.10.12\""
dependencies = [
    "cffi>=1.12; platform_python_implementation != \"PyPy\"",
]
files = [
    {file = "cryptography-43.0.3-cp37-abi3-manylinux_2_17_x86_64.manylinux2014_x86_64.whl", hash = "sha256:7e1ce50266f4f70bf41a2c6dc4358afadae90e2a1e5342d3c08883df1675374f"},
    {file = "cryptography-43.0.3-cp37-abi3-manylinux_2_28_x86_64.whl", hash = "sha256:74f57f24754fe349223792466a709f8e0c093205ff0dca557af51072ff47ab18"},
    {file = "cryptography-43.0.3-cp39-abi3-manylinux_2_17_x86_64.manylinux2014_x86_64.whl", hash = "sha256:0f996e7268af62598f2fc1204afa98a3b5712313a55c4c9d434aef49cadc91d4"},
    {file = "cryptography-43.0.3-cp39-abi3-manylinux_2_28_x86_64.whl", hash = "sha256:c2e6fc39c4ab499049df3bdf567f768a723a5e8464816e8f009f121a5a9f4405"},
    {file = "cryptography-43.0.3.tar.gz", hash = "sha256:315b9001266a492a6ff443b61238f956b214dbec9910a081ba5b6646a055a805"},
]

[[package]]
name = "dill"
version = "0.3.9"
requires_python = ">=3.8"
summary = "serialize all of Python"
groups = ["dev"]
marker = "python_full_version == \"3.10.12\""
files = [
    {file = "dill-0.3.9-py3-none-any.whl", hash = "sha256:468dff3b89520b474c0397703366b7b95eebe6303f108adf9b19da1f702be87a"},
    {file = "dill-0.3.9.tar.gz", hash = "sha256:81aa267dddf68cbfe8029c42ca9ec6a4ab3b22371d1c450abc54422577b4512c"},
]

[[package]]
name = "distlib"
version = "0.3.9"
summary = "Distribution utilities"
groups = ["default"]
marker = "python_full_version == \"3.10.12\""
files = [
    {file = "distlib-0.3.9-py2.py3-none-any.whl", hash = "sha256:47f8c22fd27c27e25a65601af709b38e4f0a45ea4fc2e710f65755fa8caaaf87"},
    {file = "distlib-0.3.9.tar.gz", hash = "sha256:a60f20dea646b8a33f3e7772f74dc0b2d0772d2837ee1342a00645c81edf9403"},
]

[[package]]
name = "dj-database-url"
version = "2.3.0"
summary = "Use Database URLs in your Django Application."
groups = ["default"]
marker = "python_full_version == \"3.10.12\""
dependencies = [
    "Django>=4.2",
    "typing-extensions>=3.10.0.0",
]
files = [
    {file = "dj_database_url-2.3.0-py3-none-any.whl", hash = "sha256:bb0d414ba0ac5cd62773ec7f86f8cc378a9dbb00a80884c2fc08cc570452521e"},
    {file = "dj_database_url-2.3.0.tar.gz", hash = "sha256:ae52e8e634186b57e5a45e445da5dc407a819c2ceed8a53d1fac004cc5288787"},
]

[[package]]
name = "django"
version = "5.1.3"
requires_python = ">=3.10"
summary = "A high-level Python web framework that encourages rapid development and clean, pragmatic design."
groups = ["default"]
marker = "python_full_version == \"3.10.12\""
dependencies = [
    "asgiref<4,>=3.8.1",
    "sqlparse>=0.3.1",
    "tzdata; sys_platform == \"win32\"",
]
files = [
    {file = "Django-5.1.3-py3-none-any.whl", hash = "sha256:8b38a9a12da3ae00cb0ba72da985ec4b14de6345046b1e174b1fd7254398f818"},
    {file = "Django-5.1.3.tar.gz", hash = "sha256:c0fa0e619c39325a169208caef234f90baa925227032ad3f44842ba14d75234a"},
]

[[package]]
name = "django-cloudinary-storage"
version = "0.3.0"
summary = "Django package that provides Cloudinary storages for both media and static files as well as management commands for removing unnecessary files."
groups = ["default"]
marker = "python_full_version == \"3.10.12\""
dependencies = [
    "cloudinary>=1.4.0",
    "requests>=2.10.0",
]
files = [
    {file = "django-cloudinary-storage-0.3.0.tar.gz", hash = "sha256:debd403a5f225c9d35c4af508ff4abc7fdc262129464134b60b2feeb2c44d3e1"},
    {file = "django_cloudinary_storage-0.3.0-py3-none-any.whl", hash = "sha256:95c855c7334141b2a485ea7eb5716de87bb6ce0d848e205debb3a3ab7bbbd49a"},
]

[[package]]
name = "django-cors-headers"
version = "4.6.0"
requires_python = ">=3.9"
summary = "django-cors-headers is a Django application for handling the server headers required for Cross-Origin Resource Sharing (CORS)."
groups = ["default"]
marker = "python_full_version == \"3.10.12\""
dependencies = [
    "asgiref>=3.6",
    "django>=4.2",
]
files = [
    {file = "django_cors_headers-4.6.0-py3-none-any.whl", hash = "sha256:8edbc0497e611c24d5150e0055d3b178c6534b8ed826fb6f53b21c63f5d48ba3"},
    {file = "django_cors_headers-4.6.0.tar.gz", hash = "sha256:14d76b4b4c8d39375baeddd89e4f08899051eeaf177cb02a29bd6eae8cf63aa8"},
]

[[package]]
name = "django-extensions"
version = "3.2.3"
requires_python = ">=3.6"
summary = "Extensions for Django"
groups = ["default"]
marker = "python_full_version == \"3.10.12\""
dependencies = [
    "Django>=3.2",
]
files = [
    {file = "django-extensions-3.2.3.tar.gz", hash = "sha256:44d27919d04e23b3f40231c4ab7af4e61ce832ef46d610cc650d53e68328410a"},
    {file = "django_extensions-3.2.3-py3-none-any.whl", hash = "sha256:9600b7562f79a92cbf1fde6403c04fee314608fefbb595502e34383ae8203401"},
]

[[package]]
name = "django-filter"
version = "24.3"
requires_python = ">=3.8"
summary = "Django-filter is a reusable Django application for allowing users to filter querysets dynamically."
groups = ["default"]
marker = "python_full_version == \"3.10.12\""
dependencies = [
    "Django>=4.2",
]
files = [
    {file = "django_filter-24.3-py3-none-any.whl", hash = "sha256:c4852822928ce17fb699bcfccd644b3574f1a2d80aeb2b4ff4f16b02dd49dc64"},
    {file = "django_filter-24.3.tar.gz", hash = "sha256:d8ccaf6732afd21ca0542f6733b11591030fa98669f8d15599b358e24a2cd9c3"},
]

[[package]]
name = "djangorestframework"
version = "3.15.2"
requires_python = ">=3.8"
summary = "Web APIs for Django, made easy."
groups = ["default"]
marker = "python_full_version == \"3.10.12\""
dependencies = [
    "backports-zoneinfo; python_version < \"3.9\"",
    "django>=4.2",
]
files = [
    {file = "djangorestframework-3.15.2-py3-none-any.whl", hash = "sha256:2b8871b062ba1aefc2de01f773875441a961fefbf79f5eed1e32b2f096944b20"},
    {file = "djangorestframework-3.15.2.tar.gz", hash = "sha256:36fe88cd2d6c6bec23dca9804bab2ba5517a8bb9d8f47ebc68981b56840107ad"},
]

[[package]]
name = "djangorestframework-simplejwt"
version = "5.3.1"
requires_python = ">=3.8"
summary = "A minimal JSON Web Token authentication plugin for Django REST Framework"
groups = ["default"]
marker = "python_full_version == \"3.10.12\""
dependencies = [
    "django>=3.2",
    "djangorestframework>=3.12",
    "pyjwt<3,>=1.7.1",
]
files = [
    {file = "djangorestframework_simplejwt-5.3.1-py3-none-any.whl", hash = "sha256:381bc966aa46913905629d472cd72ad45faa265509764e20ffd440164c88d220"},
    {file = "djangorestframework_simplejwt-5.3.1.tar.gz", hash = "sha256:6c4bd37537440bc439564ebf7d6085e74c5411485197073f508ebdfa34bc9fae"},
]

[[package]]
name = "drf-spectacular"
version = "0.27.2"
requires_python = ">=3.7"
summary = "Sane and flexible OpenAPI 3 schema generation for Django REST framework"
groups = ["default"]
marker = "python_full_version == \"3.10.12\""
dependencies = [
    "Django>=2.2",
    "PyYAML>=5.1",
    "djangorestframework>=3.10.3",
    "inflection>=0.3.1",
    "jsonschema>=2.6.0",
    "typing-extensions; python_version < \"3.10\"",
    "uritemplate>=2.0.0",
]
files = [
    {file = "drf-spectacular-0.27.2.tar.gz", hash = "sha256:a199492f2163c4101055075ebdbb037d59c6e0030692fc83a1a8c0fc65929981"},
    {file = "drf_spectacular-0.27.2-py3-none-any.whl", hash = "sha256:b1c04bf8b2fbbeaf6f59414b4ea448c8787aba4d32f76055c3b13335cf7ec37b"},
]

[[package]]
name = "filelock"
version = "3.16.1"
requires_python = ">=3.8"
summary = "A platform independent file lock."
groups = ["default"]
marker = "python_full_version == \"3.10.12\""
files = [
    {file = "filelock-3.16.1-py3-none-any.whl", hash = "sha256:2082e5703d51fbf98ea75855d9d5527e33d8ff23099bec374a134febee6946b0"},
    {file = "filelock-3.16.1.tar.gz", hash = "sha256:c249fbfcd5db47e5e2d6d62198e565475ee65e4831e2561c8e313fa7eb961435"},
]

[[package]]
name = "gunicorn"
version = "23.0.0"
requires_python = ">=3.7"
summary = "WSGI HTTP Server for UNIX"
groups = ["default"]
marker = "python_full_version == \"3.10.12\""
dependencies = [
    "importlib-metadata; python_version < \"3.8\"",
    "packaging",
]
files = [
    {file = "gunicorn-23.0.0-py3-none-any.whl", hash = "sha256:ec400d38950de4dfd418cff8328b2c8faed0edb0d517d3394e457c317908ca4d"},
    {file = "gunicorn-23.0.0.tar.gz", hash = "sha256:f014447a0101dc57e294f6c18ca6b40227a4c90e9bdb586042628030cba004ec"},
]

[[package]]
name = "h11"
version = "0.14.0"
requires_python = ">=3.7"
summary = "A pure-Python, bring-your-own-I/O implementation of HTTP/1.1"
groups = ["default"]
marker = "python_full_version == \"3.10.12\""
dependencies = [
    "typing-extensions; python_version < \"3.8\"",
]
files = [
    {file = "h11-0.14.0-py3-none-any.whl", hash = "sha256:e3fe4ac4b851c468cc8363d500db52c2ead036020723024a109d37346efaa761"},
    {file = "h11-0.14.0.tar.gz", hash = "sha256:8f19fbbe99e72420ff35c00b27a34cb9937e902a8b810e2c88300c6f0a3b699d"},
]

[[package]]
name = "identify"
version = "2.6.2"
requires_python = ">=3.9"
summary = "File identification library for Python"
groups = ["default"]
marker = "python_full_version == \"3.10.12\""
files = [
    {file = "identify-2.6.2-py2.py3-none-any.whl", hash = "sha256:c097384259f49e372f4ea00a19719d95ae27dd5ff0fd77ad630aa891306b82f3"},
    {file = "identify-2.6.2.tar.gz", hash = "sha256:fab5c716c24d7a789775228823797296a2994b075fb6080ac83a102772a98cbd"},
]

[[package]]
name = "idna"
version = "3.10"
requires_python = ">=3.6"
summary = "Internationalized Domain Names in Applications (IDNA)"
groups = ["default"]
marker = "python_full_version == \"3.10.12\""
files = [
    {file = "idna-3.10-py3-none-any.whl", hash = "sha256:946d195a0d259cbba61165e88e65941f16e9b36ea6ddb97f00452bae8b1287d3"},
    {file = "idna-3.10.tar.gz", hash = "sha256:12f65c9b470abda6dc35cf8e63cc574b1c52b11df2c86030af0ac09b01b13ea9"},
]

[[package]]
name = "importlib-metadata"
version = "8.5.0"
requires_python = ">=3.8"
summary = "Read metadata from Python packages"
groups = ["default"]
marker = "python_full_version == \"3.10.12\""
dependencies = [
    "typing-extensions>=3.6.4; python_version < \"3.8\"",
    "zipp>=3.20",
]
files = [
    {file = "importlib_metadata-8.5.0-py3-none-any.whl", hash = "sha256:45e54197d28b7a7f1559e60b95e7c567032b602131fbd588f1497f47880aa68b"},
    {file = "importlib_metadata-8.5.0.tar.gz", hash = "sha256:71522656f0abace1d072b9e5481a48f07c138e00f079c38c8f883823f9c26bd7"},
]

[[package]]
name = "inflection"
version = "0.5.1"
requires_python = ">=3.5"
summary = "A port of Ruby on Rails inflector to Python"
groups = ["default"]
marker = "python_full_version == \"3.10.12\""
files = [
    {file = "inflection-0.5.1-py2.py3-none-any.whl", hash = "sha256:f38b2b640938a4f35ade69ac3d053042959b62a0f1076a5bbaa1b9526605a8a2"},
    {file = "inflection-0.5.1.tar.gz", hash = "sha256:1a29730d366e996aaacffb2f1f1cb9593dc38e2ddd30c91250c6dde09ea9b417"},
]

[[package]]
name = "isort"
version = "5.13.2"
requires_python = ">=3.8.0"
summary = "A Python utility / library to sort Python imports."
groups = ["dev", "format"]
marker = "python_full_version == \"3.10.12\""
files = [
    {file = "isort-5.13.2-py3-none-any.whl", hash = "sha256:8ca5e72a8d85860d5a3fa69b8745237f2939afe12dbf656afbcb47fe72d947a6"},
    {file = "isort-5.13.2.tar.gz", hash = "sha256:48fdfcb9face5d58a4f6dde2e72a1fb8dcaf8ab26f95ab49fab84c2ddefb0109"},
]

[[package]]
name = "jsonschema"
version = "4.23.0"
requires_python = ">=3.8"
summary = "An implementation of JSON Schema validation for Python"
groups = ["default"]
marker = "python_full_version == \"3.10.12\""
dependencies = [
    "attrs>=22.2.0",
    "importlib-resources>=1.4.0; python_version < \"3.9\"",
    "jsonschema-specifications>=2023.03.6",
    "pkgutil-resolve-name>=1.3.10; python_version < \"3.9\"",
    "referencing>=0.28.4",
    "rpds-py>=0.7.1",
]
files = [
    {file = "jsonschema-4.23.0-py3-none-any.whl", hash = "sha256:fbadb6f8b144a8f8cf9f0b89ba94501d143e50411a1278633f56a7acf7fd5566"},
    {file = "jsonschema-4.23.0.tar.gz", hash = "sha256:d71497fef26351a33265337fa77ffeb82423f3ea21283cd9467bb03999266bc4"},
]

[[package]]
name = "jsonschema-specifications"
version = "2024.10.1"
requires_python = ">=3.9"
summary = "The JSON Schema meta-schemas and vocabularies, exposed as a Registry"
groups = ["default"]
marker = "python_full_version == \"3.10.12\""
dependencies = [
    "referencing>=0.31.0",
]
files = [
    {file = "jsonschema_specifications-2024.10.1-py3-none-any.whl", hash = "sha256:a09a0680616357d9a0ecf05c12ad234479f549239d0f5b55f3deea67475da9bf"},
    {file = "jsonschema_specifications-2024.10.1.tar.gz", hash = "sha256:0f38b83639958ce1152d02a7f062902c41c8fd20d558b0c34344292d417ae272"},
]

[[package]]
name = "mccabe"
version = "0.7.0"
requires_python = ">=3.6"
summary = "McCabe checker, plugin for flake8"
groups = ["dev"]
marker = "python_full_version == \"3.10.12\""
files = [
    {file = "mccabe-0.7.0-py2.py3-none-any.whl", hash = "sha256:6c2d30ab6be0e4a46919781807b4f0d834ebdd6c6e3dca0bda5a15f863427b6e"},
    {file = "mccabe-0.7.0.tar.gz", hash = "sha256:348e0240c33b60bbdf4e523192ef919f28cb2c3d7d5c7794f74009290f236325"},
]

[[package]]
name = "mypy-extensions"
version = "1.0.0"
requires_python = ">=3.5"
summary = "Type system extensions for programs checked with the mypy type checker."
groups = ["dev", "format"]
marker = "python_full_version == \"3.10.12\""
files = [
    {file = "mypy_extensions-1.0.0-py3-none-any.whl", hash = "sha256:4392f6c0eb8a5668a69e23d168ffa70f0be9ccfd32b5cc2d26a34ae5b844552d"},
    {file = "mypy_extensions-1.0.0.tar.gz", hash = "sha256:75dbf8955dc00442a438fc4d0666508a9a97b6bd41aa2f0ffe9d2f2725af0782"},
]

[[package]]
name = "netifaces"
version = "0.11.0"
summary = "Portable network interface information."
groups = ["default"]
marker = "python_full_version == \"3.10.12\""
files = [
    {file = "netifaces-0.11.0.tar.gz", hash = "sha256:043a79146eb2907edf439899f262b3dfe41717d34124298ed281139a8b93ca32"},
]

[[package]]
name = "nodeenv"
version = "1.9.1"
requires_python = "!=3.0.*,!=3.1.*,!=3.2.*,!=3.3.*,!=3.4.*,!=3.5.*,!=3.6.*,>=2.7"
summary = "Node.js virtual environment builder"
groups = ["default"]
marker = "python_full_version == \"3.10.12\""
files = [
    {file = "nodeenv-1.9.1-py2.py3-none-any.whl", hash = "sha256:ba11c9782d29c27c70ffbdda2d7415098754709be8a7056d79a737cd901155c9"},
    {file = "nodeenv-1.9.1.tar.gz", hash = "sha256:6ec12890a2dab7946721edbfbcd91f3319c6ccc9aec47be7c7e6b7011ee6645f"},
]

[[package]]
name = "packaging"
version = "24.2"
requires_python = ">=3.8"
summary = "Core utilities for Python packages"
groups = ["default", "dev", "format"]
marker = "python_full_version == \"3.10.12\""
files = [
    {file = "packaging-24.2-py3-none-any.whl", hash = "sha256:09abb1bccd265c01f4a3aa3f7a7db064b36514d2cba19a2f694fe6150451a759"},
    {file = "packaging-24.2.tar.gz", hash = "sha256:c228a6dc5e932d346bc5739379109d49e8853dd8223571c7c5b55260edc0b97f"},
]

[[package]]
name = "passage-identity"
version = "2.5.1"
requires_python = ">=3.7"
summary = "Passkey Complete for Python - Integrate into your Python API or service to enable a completely passwordless standalone auth solution with Passage by 1Password"
groups = ["default"]
marker = "python_full_version == \"3.10.12\""
dependencies = [
    "aenum",
    "cryptography",
    "importlib-metadata>=1.0; python_version < \"3.12\"",
    "pydantic",
    "pyjwt",
    "python-dateutil",
    "requests",
    "typing-extensions>=4.7.1",
    "urllib3<2.1.0,>=1.25.3",
]
files = [
    {file = "passage_identity-2.5.1-py3-none-any.whl", hash = "sha256:3e4965596dc9bdf8d22fee7c893086e74736dfb217090b6bae8a2af79f20fd6c"},
    {file = "passage_identity-2.5.1.tar.gz", hash = "sha256:d807045a438ffb96e9b82e1a9a7c7c84fbd78bb8c40470e372d5ccd526077362"},
]

[[package]]
name = "pathspec"
version = "0.12.1"
requires_python = ">=3.8"
summary = "Utility library for gitignore style pattern matching of file paths."
groups = ["dev", "format"]
marker = "python_full_version == \"3.10.12\""
files = [
    {file = "pathspec-0.12.1-py3-none-any.whl", hash = "sha256:a0d503e138a4c123b27490a4f7beda6a01c6f288df0e4a8b79c7eb0dc7b4cc08"},
    {file = "pathspec-0.12.1.tar.gz", hash = "sha256:a482d51503a1ab33b1c67a6c3813a26953dbdc71c31dacaef9a838c4e29f5712"},
]

[[package]]
name = "pillow"
version = "11.0.0"
requires_python = ">=3.9"
summary = "Python Imaging Library (Fork)"
groups = ["default"]
marker = "python_full_version == \"3.10.12\""
files = [
    {file = "pillow-11.0.0-cp310-cp310-manylinux_2_17_x86_64.manylinux2014_x86_64.whl", hash = "sha256:88a58d8ac0cc0e7f3a014509f0455248a76629ca9b604eca7dc5927cc593c5e9"},
    {file = "pillow-11.0.0-cp310-cp310-manylinux_2_28_x86_64.whl", hash = "sha256:1a61b54f87ab5786b8479f81c4b11f4d61702830354520837f8cc791ebba0f5f"},
    {file = "pillow-11.0.0.tar.gz", hash = "sha256:72bacbaf24ac003fea9bff9837d1eedb6088758d41e100c1552930151f677739"},
]

[[package]]
name = "platformdirs"
version = "4.3.6"
requires_python = ">=3.8"
summary = "A small Python package for determining appropriate platform-specific dirs, e.g. a `user data dir`."
groups = ["default", "dev", "format"]
marker = "python_full_version == \"3.10.12\""
files = [
    {file = "platformdirs-4.3.6-py3-none-any.whl", hash = "sha256:73e575e1408ab8103900836b97580d5307456908a03e92031bab39e4554cc3fb"},
    {file = "platformdirs-4.3.6.tar.gz", hash = "sha256:357fb2acbc885b0419afd3ce3ed34564c13c9b95c89360cd9563f73aa5e2b907"},
]

[[package]]
name = "pre-commit"
version = "4.0.1"
requires_python = ">=3.9"
summary = "A framework for managing and maintaining multi-language pre-commit hooks."
groups = ["default"]
marker = "python_full_version == \"3.10.12\""
dependencies = [
    "cfgv>=2.0.0",
    "identify>=1.0.0",
    "nodeenv>=0.11.1",
    "pyyaml>=5.1",
    "virtualenv>=20.10.0",
]
files = [
    {file = "pre_commit-4.0.1-py2.py3-none-any.whl", hash = "sha256:efde913840816312445dc98787724647c65473daefe420785f885e8ed9a06878"},
    {file = "pre_commit-4.0.1.tar.gz", hash = "sha256:80905ac375958c0444c65e9cebebd948b3cdb518f335a091a670a89d652139d2"},
]

[[package]]
name = "psycopg2-binary"
version = "2.9.10"
requires_python = ">=3.8"
summary = "psycopg2 - Python-PostgreSQL Database Adapter"
groups = ["default"]
marker = "python_full_version == \"3.10.12\""
files = [
    {file = "psycopg2-binary-2.9.10.tar.gz", hash = "sha256:4b3df0e6990aa98acda57d983942eff13d824135fe2250e6522edaa782a06de2"},
    {file = "psycopg2_binary-2.9.10-cp310-cp310-manylinux_2_17_x86_64.manylinux2014_x86_64.whl", hash = "sha256:7f4152f8f76d2023aac16285576a9ecd2b11a9895373a1f10fd9db54b3ff06b4"},
]

[[package]]
name = "pycparser"
version = "2.22"
requires_python = ">=3.8"
summary = "C parser in Python"
groups = ["default"]
marker = "platform_python_implementation != \"PyPy\" and python_full_version == \"3.10.12\""
files = [
    {file = "pycparser-2.22-py3-none-any.whl", hash = "sha256:c3702b6d3dd8c7abc1afa565d7e63d53a1d0bd86cdc24edd75470f4de499cfcc"},
    {file = "pycparser-2.22.tar.gz", hash = "sha256:491c8be9c040f5390f5bf44a5b07752bd07f56edf992381b05c701439eec10f6"},
]

[[package]]
name = "pydantic"
version = "2.10.1"
requires_python = ">=3.8"
summary = "Data validation using Python type hints"
groups = ["default"]
marker = "python_full_version == \"3.10.12\""
dependencies = [
    "annotated-types>=0.6.0",
    "pydantic-core==2.27.1",
    "typing-extensions>=4.12.2",
]
files = [
    {file = "pydantic-2.10.1-py3-none-any.whl", hash = "sha256:a8d20db84de64cf4a7d59e899c2caf0fe9d660c7cfc482528e7020d7dd189a7e"},
    {file = "pydantic-2.10.1.tar.gz", hash = "sha256:a4daca2dc0aa429555e0656d6bf94873a7dc5f54ee42b1f5873d666fb3f35560"},
]

[[package]]
name = "pydantic-core"
version = "2.27.1"
requires_python = ">=3.8"
summary = "Core functionality for Pydantic validation and serialization"
groups = ["default"]
marker = "python_full_version == \"3.10.12\""
dependencies = [
    "typing-extensions!=4.7.0,>=4.6.0",
]
files = [
    {file = "pydantic_core-2.27.1-cp310-cp310-manylinux_2_17_x86_64.manylinux2014_x86_64.whl", hash = "sha256:45d9c5eb9273aa50999ad6adc6be5e0ecea7e09dbd0d31bd0c65a55a2592ca08"},
    {file = "pydantic_core-2.27.1.tar.gz", hash = "sha256:62a763352879b84aa31058fc931884055fd75089cccbd9d58bb6afd01141b235"},
]

[[package]]
name = "pydotplus"
version = "2.0.2"
summary = "Python interface to Graphviz's Dot language"
groups = ["default"]
marker = "python_full_version == \"3.10.12\""
dependencies = [
    "pyparsing>=2.0.1",
]
files = [
    {file = "pydotplus-2.0.2.tar.gz", hash = "sha256:91e85e9ee9b85d2391ead7d635e3d9c7f5f44fd60a60e59b13e2403fa66505c4"},
]

[[package]]
name = "pyjwt"
version = "2.10.0"
requires_python = ">=3.9"
summary = "JSON Web Token implementation in Python"
groups = ["default"]
marker = "python_full_version == \"3.10.12\""
files = [
    {file = "PyJWT-2.10.0-py3-none-any.whl", hash = "sha256:543b77207db656de204372350926bed5a86201c4cbff159f623f79c7bb487a15"},
    {file = "pyjwt-2.10.0.tar.gz", hash = "sha256:7628a7eb7938959ac1b26e819a1df0fd3259505627b575e4bad6d08f76db695c"},
]

[[package]]
name = "pylint"
version = "3.3.1"
requires_python = ">=3.9.0"
summary = "python code static checker"
groups = ["dev"]
marker = "python_full_version == \"3.10.12\""
dependencies = [
    "astroid<=3.4.0-dev0,>=3.3.4",
    "colorama>=0.4.5; sys_platform == \"win32\"",
    "dill>=0.2; python_version < \"3.11\"",
    "dill>=0.3.6; python_version >= \"3.11\"",
    "dill>=0.3.7; python_version >= \"3.12\"",
    "isort!=5.13.0,<6,>=4.2.5",
    "mccabe<0.8,>=0.6",
    "platformdirs>=2.2.0",
    "tomli>=1.1.0; python_version < \"3.11\"",
    "tomlkit>=0.10.1",
    "typing-extensions>=3.10.0; python_version < \"3.10\"",
]
files = [
    {file = "pylint-3.3.1-py3-none-any.whl", hash = "sha256:2f846a466dd023513240bc140ad2dd73bfc080a5d85a710afdb728c420a5a2b9"},
    {file = "pylint-3.3.1.tar.gz", hash = "sha256:9f3dcc87b1203e612b78d91a896407787e708b3f189b5fa0b307712d49ff0c6e"},
]

[[package]]
name = "pyparsing"
version = "3.2.0"
requires_python = ">=3.9"
summary = "pyparsing module - Classes and methods to define and execute parsing grammars"
groups = ["default"]
marker = "python_full_version == \"3.10.12\""
files = [
    {file = "pyparsing-3.2.0-py3-none-any.whl", hash = "sha256:93d9577b88da0bbea8cc8334ee8b918ed014968fd2ec383e868fb8afb1ccef84"},
    {file = "pyparsing-3.2.0.tar.gz", hash = "sha256:cbf74e27246d595d9a74b186b810f6fbb86726dbf3b9532efb343f6d7294fe9c"},
]

[[package]]
name = "python-dateutil"
version = "2.9.0.post0"
requires_python = "!=3.0.*,!=3.1.*,!=3.2.*,>=2.7"
summary = "Extensions to the standard Python datetime module"
groups = ["default"]
marker = "python_full_version == \"3.10.12\""
dependencies = [
    "six>=1.5",
]
files = [
    {file = "python-dateutil-2.9.0.post0.tar.gz", hash = "sha256:37dd54208da7e1cd875388217d5e00ebd4179249f90fb72437e91a35459a0ad3"},
    {file = "python_dateutil-2.9.0.post0-py2.py3-none-any.whl", hash = "sha256:a8b2bc7bffae282281c8140a97d3aa9c14da0b136dfe83f850eea9a5f7470427"},
]

[[package]]
name = "python-dotenv"
version = "1.0.1"
requires_python = ">=3.8"
summary = "Read key-value pairs from a .env file and set them as environment variables"
groups = ["default"]
marker = "python_full_version == \"3.10.12\""
files = [
    {file = "python-dotenv-1.0.1.tar.gz", hash = "sha256:e324ee90a023d808f1959c46bcbc04446a10ced277783dc6ee09987c37ec10ca"},
    {file = "python_dotenv-1.0.1-py3-none-any.whl", hash = "sha256:f7b63ef50f1b690dddf550d03497b66d609393b40b564ed0d674909a68ebf16a"},
]

[[package]]
name = "python-magic"
version = "0.4.27"
requires_python = ">=2.7, !=3.0.*, !=3.1.*, !=3.2.*, !=3.3.*, !=3.4.*"
summary = "File type identification using libmagic"
groups = ["default"]
marker = "sys_platform == \"linux\" and python_full_version == \"3.10.12\""
files = [
    {file = "python-magic-0.4.27.tar.gz", hash = "sha256:c1ba14b08e4a5f5c31a302b7721239695b2f0f058d125bd5ce1ee36b9d9d3c3b"},
    {file = "python_magic-0.4.27-py2.py3-none-any.whl", hash = "sha256:c212960ad306f700aa0d01e5d7a325d20548ff97eb9920dcd29513174f0294d3"},
]

[[package]]
name = "pyyaml"
version = "6.0.2"
requires_python = ">=3.8"
summary = "YAML parser and emitter for Python"
groups = ["default"]
marker = "python_full_version == \"3.10.12\""
files = [
    {file = "PyYAML-6.0.2-cp310-cp310-manylinux_2_17_x86_64.manylinux2014_x86_64.whl", hash = "sha256:ec031d5d2feb36d1d1a24380e4db6d43695f3748343d99434e6f5f9156aaa2ed"},
    {file = "pyyaml-6.0.2.tar.gz", hash = "sha256:d584d9ec91ad65861cc08d42e834324ef890a082e591037abe114850ff7bbc3e"},
]

[[package]]
name = "referencing"
version = "0.35.1"
requires_python = ">=3.8"
summary = "JSON Referencing + Python"
groups = ["default"]
marker = "python_full_version == \"3.10.12\""
dependencies = [
    "attrs>=22.2.0",
    "rpds-py>=0.7.0",
]
files = [
    {file = "referencing-0.35.1-py3-none-any.whl", hash = "sha256:eda6d3234d62814d1c64e305c1331c9a3a6132da475ab6382eaa997b21ee75de"},
    {file = "referencing-0.35.1.tar.gz", hash = "sha256:25b42124a6c8b632a425174f24087783efb348a6f1e0008e63cd4466fedf703c"},
]

[[package]]
name = "requests"
version = "2.32.3"
requires_python = ">=3.8"
summary = "Python HTTP for Humans."
groups = ["default"]
marker = "python_full_version == \"3.10.12\""
dependencies = [
    "certifi>=2017.4.17",
    "charset-normalizer<4,>=2",
    "idna<4,>=2.5",
    "urllib3<3,>=1.21.1",
]
files = [
    {file = "requests-2.32.3-py3-none-any.whl", hash = "sha256:70761cfe03c773ceb22aa2f671b4757976145175cdfca038c02654d061d6dcc6"},
    {file = "requests-2.32.3.tar.gz", hash = "sha256:55365417734eb18255590a9ff9eb97e9e1da868d4ccd6402399eaf68af20a760"},
]

[[package]]
name = "rpds-py"
version = "0.21.0"
requires_python = ">=3.9"
summary = "Python bindings to Rust's persistent data structures (rpds)"
groups = ["default"]
marker = "python_full_version == \"3.10.12\""
files = [
    {file = "rpds_py-0.21.0-cp310-cp310-manylinux_2_17_x86_64.manylinux2014_x86_64.whl", hash = "sha256:b80b4690bbff51a034bfde9c9f6bf9357f0a8c61f548942b80f7b66356508bf5"},
    {file = "rpds_py-0.21.0.tar.gz", hash = "sha256:ed6378c9d66d0de903763e7706383d60c33829581f0adff47b6535f1802fa6db"},
]

[[package]]
name = "setuptools"
version = "75.6.0"
requires_python = ">=3.9"
summary = "Easily download, build, install, upgrade, and uninstall Python packages"
groups = ["default"]
marker = "python_full_version == \"3.10.12\""
files = [
    {file = "setuptools-75.6.0-py3-none-any.whl", hash = "sha256:ce74b49e8f7110f9bf04883b730f4765b774ef3ef28f722cce7c273d253aaf7d"},
    {file = "setuptools-75.6.0.tar.gz", hash = "sha256:8199222558df7c86216af4f84c30e9b34a61d8ba19366cc914424cdbd28252f6"},
]

[[package]]
name = "six"
version = "1.16.0"
requires_python = ">=2.7, !=3.0.*, !=3.1.*, !=3.2.*"
summary = "Python 2 and 3 compatibility utilities"
groups = ["default"]
marker = "python_full_version == \"3.10.12\""
files = [
    {file = "six-1.16.0-py2.py3-none-any.whl", hash = "sha256:8abb2f1d86890a2dfb989f9a77cfcfd3e47c2a354b01111771326f8aa26e0254"},
    {file = "six-1.16.0.tar.gz", hash = "sha256:1e61c37477a1626458e36f7b1d82aa5c9b094fa4802892072e49de9c60c4c926"},
]

[[package]]
name = "sqlparse"
version = "0.5.2"
requires_python = ">=3.8"
summary = "A non-validating SQL parser."
groups = ["default"]
marker = "python_full_version == \"3.10.12\""
files = [
    {file = "sqlparse-0.5.2-py3-none-any.whl", hash = "sha256:e99bc85c78160918c3e1d9230834ab8d80fc06c59d03f8db2618f65f65dda55e"},
    {file = "sqlparse-0.5.2.tar.gz", hash = "sha256:9e37b35e16d1cc652a2545f0997c1deb23ea28fa1f3eefe609eee3063c3b105f"},
]

[[package]]
name = "tomli"
version = "2.1.0"
requires_python = ">=3.8"
summary = "A lil' TOML parser"
groups = ["dev", "format"]
marker = "python_full_version == \"3.10.12\""
files = [
    {file = "tomli-2.1.0-py3-none-any.whl", hash = "sha256:a5c57c3d1c56f5ccdf89f6523458f60ef716e210fc47c4cfb188c5ba473e0391"},
    {file = "tomli-2.1.0.tar.gz", hash = "sha256:3f646cae2aec94e17d04973e4249548320197cfabdf130015d023de4b74d8ab8"},
]

[[package]]
name = "tomlkit"
version = "0.13.2"
requires_python = ">=3.8"
summary = "Style preserving TOML library"
groups = ["dev"]
marker = "python_full_version == \"3.10.12\""
files = [
    {file = "tomlkit-0.13.2-py3-none-any.whl", hash = "sha256:7a974427f6e119197f670fbbbeae7bef749a6c14e793db934baefc1b5f03efde"},
    {file = "tomlkit-0.13.2.tar.gz", hash = "sha256:fff5fe59a87295b278abd31bec92c15d9bc4a06885ab12bcea52c71119392e79"},
]

[[package]]
name = "typing-extensions"
version = "4.12.2"
requires_python = ">=3.8"
summary = "Backported and Experimental Type Hints for Python 3.8+"
groups = ["default", "dev", "format"]
marker = "python_full_version == \"3.10.12\""
files = [
    {file = "typing_extensions-4.12.2-py3-none-any.whl", hash = "sha256:04e5ca0351e0f3f85c6853954072df659d0d13fac324d0072316b67d7794700d"},
    {file = "typing_extensions-4.12.2.tar.gz", hash = "sha256:1a7ead55c7e559dd4dee8856e3a88b41225abfe1ce8df57b7c13915fe121ffb8"},
]

[[package]]
name = "uritemplate"
version = "4.1.1"
requires_python = ">=3.6"
summary = "Implementation of RFC 6570 URI Templates"
groups = ["default"]
marker = "python_full_version == \"3.10.12\""
files = [
    {file = "uritemplate-4.1.1-py2.py3-none-any.whl", hash = "sha256:830c08b8d99bdd312ea4ead05994a38e8936266f84b9a7878232db50b044e02e"},
    {file = "uritemplate-4.1.1.tar.gz", hash = "sha256:4346edfc5c3b79f694bccd6d6099a322bbeb628dbf2cd86eea55a456ce5124f0"},
]

[[package]]
name = "urllib3"
version = "2.0.7"
requires_python = ">=3.7"
summary = "HTTP library with thread-safe connection pooling, file post, and more."
groups = ["default"]
marker = "python_full_version == \"3.10.12\""
files = [
    {file = "urllib3-2.0.7-py3-none-any.whl", hash = "sha256:fdb6d215c776278489906c2f8916e6e7d4f5a9b602ccbcfdf7f016fc8da0596e"},
    {file = "urllib3-2.0.7.tar.gz", hash = "sha256:c97dfde1f7bd43a71c8d2a58e369e9b2bf692d1334ea9f9cae55add7d0dd0f84"},
]

[[package]]
name = "uvicorn"
version = "0.32.1"
requires_python = ">=3.8"
summary = "The lightning-fast ASGI server."
groups = ["default"]
marker = "python_full_version == \"3.10.12\""
dependencies = [
    "click>=7.0",
    "h11>=0.8",
    "typing-extensions>=4.0; python_version < \"3.11\"",
]
files = [
    {file = "uvicorn-0.32.1-py3-none-any.whl", hash = "sha256:82ad92fd58da0d12af7482ecdb5f2470a04c9c9a53ced65b9bbb4a205377602e"},
    {file = "uvicorn-0.32.1.tar.gz", hash = "sha256:ee9519c246a72b1c084cea8d3b44ed6026e78a4a309cbedae9c37e4cb9fbb175"},
]

[[package]]
name = "virtualenv"
version = "20.27.1"
requires_python = ">=3.8"
summary = "Virtual Python Environment builder"
groups = ["default"]
marker = "python_full_version == \"3.10.12\""
dependencies = [
    "distlib<1,>=0.3.7",
    "filelock<4,>=3.12.2",
    "importlib-metadata>=6.6; python_version < \"3.8\"",
    "platformdirs<5,>=3.9.1",
]
files = [
    {file = "virtualenv-20.27.1-py3-none-any.whl", hash = "sha256:f11f1b8a29525562925f745563bfd48b189450f61fb34c4f9cc79dd5aa32a1f4"},
    {file = "virtualenv-20.27.1.tar.gz", hash = "sha256:142c6be10212543b32c6c45d3d3893dff89112cc588b7d0879ae5a1ec03a47ba"},
]

[[package]]
name = "whitenoise"
version = "6.8.2"
requires_python = ">=3.9"
summary = "Radically simplified static file serving for WSGI applications"
groups = ["default"]
marker = "python_full_version == \"3.10.12\""
files = [
    {file = "whitenoise-6.8.2-py3-none-any.whl", hash = "sha256:df12dce147a043d1956d81d288c6f0044147c6d2ab9726e5772ac50fb45d2280"},
    {file = "whitenoise-6.8.2.tar.gz", hash = "sha256:486bd7267a375fa9650b136daaec156ac572971acc8bf99add90817a530dd1d4"},
]

[[package]]
name = "whitenoise"
version = "6.8.2"
extras = ["brotli"]
requires_python = ">=3.9"
summary = "Radically simplified static file serving for WSGI applications"
groups = ["default"]
marker = "python_full_version == \"3.10.12\""
dependencies = [
    "brotli",
    "whitenoise==6.8.2",
]
files = [
    {file = "whitenoise-6.8.2-py3-none-any.whl", hash = "sha256:df12dce147a043d1956d81d288c6f0044147c6d2ab9726e5772ac50fb45d2280"},
    {file = "whitenoise-6.8.2.tar.gz", hash = "sha256:486bd7267a375fa9650b136daaec156ac572971acc8bf99add90817a530dd1d4"},
]

[[package]]
name = "zipp"
version = "3.21.0"
requires_python = ">=3.9"
summary = "Backport of pathlib-compatible object wrapper for zip files"
groups = ["default"]
marker = "python_full_version == \"3.10.12\""
files = [
    {file = "zipp-3.21.0-py3-none-any.whl", hash = "sha256:ac1bbe05fd2991f160ebce24ffbac5f6d11d83dc90891255885223d42b3cd931"},
    {file = "zipp-3.21.0.tar.gz", hash = "sha256:2c9958f6430a2040341a52eb608ed6dd93ef4392e02ffe219417c1b28b5dd1f4"},
]
